
Microsoft Visual Studio Solution File, Format Version 12.00
# Visual Studio Version 16
VisualStudioVersion = 16.0.30523.141
MinimumVisualStudioVersion = 10.0.40219.1
Project("{FAE04EC0-301F-11D3-BF4B-00C04F79EFBC}") = "Lab01.Ex01.EmptyWebSite", "WebApp.RSVP\Lab01.Ex01.EmptyWebSite\Lab01.Ex01.EmptyWebSite.csproj", "{BD99708D-1B5D-46DA-A8D6-6AE95BA731E9}"
EndProject
Project("{FAE04EC0-301F-11D3-BF4B-00C04F79EFBC}") = "Lab01.Ex02.WebFormStart", "WebApp.RSVP\Lab01.Ex02.WebFormStart\Lab01.Ex02.WebFormStart.csproj", "{83EC4398-26C3-426D-BDEA-88A04C819D24}"
EndProject
Project("{FAE04EC0-301F-11D3-BF4B-00C04F79EFBC}") = "Lab02.Ex01.EventHandling", "WebApp.RSVP\Lab02.Ex01.EventHandling\Lab02.Ex01.EventHandling.csproj", "{A61CEC27-CE54-4B6C-A449-0E3A5372E78F}"
EndProject
Project("{FAE04EC0-301F-11D3-BF4B-00C04F79EFBC}") = "Lab02.Ex02.AddHtmlFiles", "WebApp.RSVP\Lab02.Ex02.AddHtmlFiles\Lab02.Ex02.AddHtmlFiles.csproj", "{9FFC0F2C-50AA-41B8-AF63-E5283F2CB00B}"
EndProject
Project("{FAE04EC0-301F-11D3-BF4B-00C04F79EFBC}") = "Lab03.Ex01.SeminarDoclad", "WebApp.RSVP\Lab03.Ex01.SeminarDoclad\Lab03.Ex01.SeminarDoclad.csproj", "{A358ED0B-4F51-40CF-BE00-FC2105F7B7AE}"
EndProject
Project("{FAE04EC0-301F-11D3-BF4B-00C04F79EFBC}") = "Lab03.Ex02.GetNoShow", "WebApp.RSVP\Lab03.Ex02.GetNoShow\Lab03.Ex02.GetNoShow.csproj", "{7560AE8A-2D1F-4D0D-A8E1-FA8A1CEB005D}"
EndProject
Project("{FAE04EC0-301F-11D3-BF4B-00C04F79EFBC}") = "Lab04.Ex01.MasterrPage", "WebApp.RSVP\Lab04.Ex01.MasterrPage\Lab04.Ex01.MasterrPage.csproj", "{CA932656-0062-409B-9E7D-BF77FF9335D5}"
EndProject
Project("{FAE04EC0-301F-11D3-BF4B-00C04F79EFBC}") = "Lab04.Ex02.MasterrPage", "WebApp.RSVP\Lab04.Ex02.MasterrPage\Lab04.Ex02.MasterrPage.csproj", "{D38478B0-65D1-4B56-8B8C-1A6E6344B6E0}"
EndProject
Project("{FAE04EC0-301F-11D3-BF4B-00C04F79EFBC}") = "Lab05.Ex01.FieldValidator", "WebApp.RSVP\Lab05.Ex01.FieldValidator\Lab05.Ex01.FieldValidator.csproj", "{976CA457-47C5-4DCE-92C5-B7C4340FA1F2}"
EndProject
Project("{FAE04EC0-301F-11D3-BF4B-00C04F79EFBC}") = "Lab06.Ex01.AJAXplag", "WebApp.RSVP\Lab06.Ex01.AJAXplag\Lab06.Ex01.AJAXplag.csproj", "{4F28563C-502C-4761-B346-19A91CA82965}"
EndProject
Project("{FAE04EC0-301F-11D3-BF4B-00C04F79EFBC}") = "Lab07.Ex01.SessionCounter", "WebApp.RSVP\Lab07.Ex01.SessionCounter\Lab07.Ex01.SessionCounter.csproj", "{03705F79-E7B1-4F97-80DF-53F5DA5D9B8A}"
EndProject
Project("{FAE04EC0-301F-11D3-BF4B-00C04F79EFBC}") = "Lab08.Ex01.EFandBD", "WebApp.RSVP\Lab08.Ex01.EFandBD\Lab08.Ex01.EFandBD.csproj", "{F4169A30-147D-4C4A-9720-61B342B1B548}"
EndProject
Project("{FAE04EC0-301F-11D3-BF4B-00C04F79EFBC}") = "Lab08.Ex02.EFandBD", "WebApp.RSVP\Lab08.Ex02.EFandBD\Lab08.Ex02.EFandBD.csproj", "{8B8222A0-6429-402B-8658-093D1D7786D0}"
EndProject
Project("{2150E333-8FDC-42A3-9474-1A3956D46DE8}") = "Akt01.WepApp.RSVP", "Akt01.WepApp.RSVP", "{A5702F89-0B3C-4AE2-A9E3-118C46DBD608}"
EndProject
Project("{FAE04EC0-301F-11D3-BF4B-00C04F79EFBC}") = "Lab01.Ex01.WebMVCR1", "MVC\Lab01.Ex01.WebMVCR1\Lab01.Ex01.WebMVCR1.csproj", "{38E0CF1E-5977-4ABD-B4D4-E508DFC0C097}"
EndProject
Project("{2150E333-8FDC-42A3-9474-1A3956D46DE8}") = "Akt02.MVC", "Akt02.MVC", "{44EDD4A8-8F73-420D-B56C-E386F4ED63D6}"
EndProject
Project("{FAE04EC0-301F-11D3-BF4B-00C04F79EFBC}") = "Lab01.Ex02.WebMVCR1", "MVC\Lab01.Ex02.WebMVCR1\Lab01.Ex02.WebMVCR1.csproj", "{635A7630-4576-477A-BCE9-7A24B42C3E33}"
EndProject
Project("{FAE04EC0-301F-11D3-BF4B-00C04F79EFBC}") = "Lab01.Ex03.WebMVCR1", "MVC\Lab01.Ex03.WebMVCR1\Lab01.Ex03.WebMVCR1.csproj", "{93B95203-45A9-44A3-AFFE-50B12DE66FD1}"
EndProject
Project("{FAE04EC0-301F-11D3-BF4B-00C04F79EFBC}") = "Lab02.Ex01.Csharp", "MVC\Lab02.Ex01.Csharp\Lab02.Ex01.Csharp.csproj", "{7DBAA07C-E533-45D3-9594-B6A8AFEA10D8}"
EndProject
Project("{FAE04EC0-301F-11D3-BF4B-00C04F79EFBC}") = "Lab02.Ex02.Csharp", "MVC\Lab02.Ex02.Csharp\Lab02.Ex02.Csharp.csproj", "{4D423737-FCD9-4A67-97FF-ECBD8C8F6BEC}"
EndProject
Project("{FAE04EC0-301F-11D3-BF4B-00C04F79EFBC}") = "Lab02.Ex03.Csharp", "MVC\Lab02.Ex03.Csharp\Lab02.Ex03.Csharp.csproj", "{3072F61F-7E47-4070-AFEE-92A358B4E4DF}"
EndProject
Project("{FAE04EC0-301F-11D3-BF4B-00C04F79EFBC}") = "Lab02.Ex04.Csharp", "MVC\Lab02.Ex04.Csharp\Lab02.Ex04.Csharp.csproj", "{AC9109A0-AFD8-4DC7-A8C7-354BDE34381D}"
EndProject
Project("{FAE04EC0-301F-11D3-BF4B-00C04F79EFBC}") = "Lab02.Ex05.Csharp", "MVC\Lab02.Ex05.Csharp\Lab02.Ex05.Csharp.csproj", "{2952063A-472F-4DCB-87FC-21B07C281933}"
EndProject
Project("{FAE04EC0-301F-11D3-BF4B-00C04F79EFBC}") = "Lab03.Ex01.WebApiMVCR1", "MVC\Lab03.Ex01.WebApiMVCR1\Lab03.Ex01.WebApiMVCR1.csproj", "{30B5EC9D-3077-4D91-8908-30C3DE35DA34}"
EndProject
Project("{FAE04EC0-301F-11D3-BF4B-00C04F79EFBC}") = "Lab03.Ex02.WebApiMVCR1", "MVC\Lab03.Ex02.WebApiMVCR1\Lab03.Ex02.WebApiMVCR1.csproj", "{1117A5B9-57A7-4C39-BA41-C6D3FFAB9345}"
EndProject
Project("{FAE04EC0-301F-11D3-BF4B-00C04F79EFBC}") = "Lab03.Ex03.WebApiMVCR1", "MVC\Lab03.Ex03.WebApiMVCR1\Lab03.Ex03.WebApiMVCR1.csproj", "{54F92902-9AA7-46F0-AA83-E7D983A1E0D4}"
EndProject
Project("{FAE04EC0-301F-11D3-BF4B-00C04F79EFBC}") = "Lab04.Ex01.VievCreate", "MVC\Lab04.Ex01.VievCreate\Lab04.Ex01.VievCreate.csproj", "{B6D8B3F7-5EFA-40D9-8017-2B7DD31B8801}"
EndProject
Project("{FAE04EC0-301F-11D3-BF4B-00C04F79EFBC}") = "Lab04.Ex02.VievCreate", "MVC\Lab04.Ex02.VievCreate\Lab04.Ex02.VievCreate.csproj", "{078882FF-6B51-4EB0-AA94-C810FE1B65E4}"
EndProject
Project("{FAE04EC0-301F-11D3-BF4B-00C04F79EFBC}") = "Lab04.Ex03.VievCreate.CSS", "MVC\Lab04.Ex03.VievCreate.CSS\Lab04.Ex03.VievCreate.CSS.csproj", "{0ABDD1C0-3BE6-431F-AD01-1063FE74E41B}"
EndProject
Project("{FAE04EC0-301F-11D3-BF4B-00C04F79EFBC}") = "Lab05.Ex01.MvcCreditApp1", "MVC\Lab05.Ex01.MvcCreditApp1\Lab05.Ex01.MvcCreditApp1.csproj", "{A224BD2E-5370-457B-9FFF-DE1C87B241C5}"
EndProject
Project("{FAE04EC0-301F-11D3-BF4B-00C04F79EFBC}") = "Lab05.Ex02.MvcCreditApp1", "MVC\Lab05.Ex02.MvcCreditApp1\Lab05.Ex02.MvcCreditApp1.csproj", "{B5D936AA-6D87-4E0F-95AB-B83FBC74E356}"
EndProject
Project("{FAE04EC0-301F-11D3-BF4B-00C04F79EFBC}") = "Lab06.Ex01.ControlTemplate", "MVC\Lab06.Ex01.ControlTemplate\Lab06.Ex01.ControlTemplate.csproj", "{D2D6ED29-5306-4CC4-95F8-6DB2475737AD}"
EndProject
Project("{FAE04EC0-301F-11D3-BF4B-00C04F79EFBC}") = "Lab06.Ex02.ControlTemplate", "MVC\Lab06.Ex02.ControlTemplate\Lab06.Ex02.ControlTemplate.csproj", "{7E60C5B8-CB29-44DF-AC0F-C9FED9896484}"
EndProject
Project("{FAE04EC0-301F-11D3-BF4B-00C04F79EFBC}") = "Lab06.Ex03.ControlTemplate.Kesh", "MVC\Lab06.Ex03.ControlTemplate.Kesh\Lab06.Ex03.ControlTemplate.Kesh.csproj", "{602CB91B-7B23-4E95-9CD1-822B3B9E9C92}"
EndProject
Project("{FAE04EC0-301F-11D3-BF4B-00C04F79EFBC}") = "Lab07.Ex01.InteractivePage", "MVC\Lab07.Ex01.InteractivePage\Lab07.Ex01.InteractivePage.csproj", "{AA5AA655-67D1-4351-A0BE-05B67A6453A4}"
EndProject
Project("{FAE04EC0-301F-11D3-BF4B-00C04F79EFBC}") = "Lab08.Ex01.AccountIng", "MVC\Lab08.Ex01.AccountIng\Lab08.Ex01.AccountIng.csproj", "{C58CC16F-6735-4540-A71C-6245A6827DEA}"
EndProject
Project("{FAE04EC0-301F-11D3-BF4B-00C04F79EFBC}") = "Lab08.Ex01.AccountIng.PP", "MVC\Lab08.Ex01.AccountIng.PP\Lab08.Ex01.AccountIng.PP.csproj", "{A5860857-8A90-4C31-9D97-B46A3B02BF4D}"
EndProject
Project("{2150E333-8FDC-42A3-9474-1A3956D46DE8}") = "Akt03.EXAM", "Akt03.EXAM", "{B7DBBDCB-BAD5-4965-81DD-EB0EF2BA1665}"
EndProject
Project("{FAE04EC0-301F-11D3-BF4B-00C04F79EFBC}") = "ASPNet.EXAM", "Akt03.EXAM\ASPNet.EXAM\ASPNet.EXAM.csproj", "{5EDF70ED-28BC-4FC9-85CA-70628C4F920E}"
EndProject
Global
	GlobalSection(SolutionConfigurationPlatforms) = preSolution
		Debug|Any CPU = Debug|Any CPU
		Release|Any CPU = Release|Any CPU
	EndGlobalSection
	GlobalSection(ProjectConfigurationPlatforms) = postSolution
		{BD99708D-1B5D-46DA-A8D6-6AE95BA731E9}.Debug|Any CPU.ActiveCfg = Debug|Any CPU
		{BD99708D-1B5D-46DA-A8D6-6AE95BA731E9}.Debug|Any CPU.Build.0 = Debug|Any CPU
		{BD99708D-1B5D-46DA-A8D6-6AE95BA731E9}.Release|Any CPU.ActiveCfg = Release|Any CPU
		{BD99708D-1B5D-46DA-A8D6-6AE95BA731E9}.Release|Any CPU.Build.0 = Release|Any CPU
		{83EC4398-26C3-426D-BDEA-88A04C819D24}.Debug|Any CPU.ActiveCfg = Debug|Any CPU
		{83EC4398-26C3-426D-BDEA-88A04C819D24}.Debug|Any CPU.Build.0 = Debug|Any CPU
		{83EC4398-26C3-426D-BDEA-88A04C819D24}.Release|Any CPU.ActiveCfg = Release|Any CPU
		{83EC4398-26C3-426D-BDEA-88A04C819D24}.Release|Any CPU.Build.0 = Release|Any CPU
		{A61CEC27-CE54-4B6C-A449-0E3A5372E78F}.Debug|Any CPU.ActiveCfg = Debug|Any CPU
		{A61CEC27-CE54-4B6C-A449-0E3A5372E78F}.Debug|Any CPU.Build.0 = Debug|Any CPU
		{A61CEC27-CE54-4B6C-A449-0E3A5372E78F}.Release|Any CPU.ActiveCfg = Release|Any CPU
		{A61CEC27-CE54-4B6C-A449-0E3A5372E78F}.Release|Any CPU.Build.0 = Release|Any CPU
		{9FFC0F2C-50AA-41B8-AF63-E5283F2CB00B}.Debug|Any CPU.ActiveCfg = Debug|Any CPU
		{9FFC0F2C-50AA-41B8-AF63-E5283F2CB00B}.Debug|Any CPU.Build.0 = Debug|Any CPU
		{9FFC0F2C-50AA-41B8-AF63-E5283F2CB00B}.Release|Any CPU.ActiveCfg = Release|Any CPU
		{9FFC0F2C-50AA-41B8-AF63-E5283F2CB00B}.Release|Any CPU.Build.0 = Release|Any CPU
		{A358ED0B-4F51-40CF-BE00-FC2105F7B7AE}.Debug|Any CPU.ActiveCfg = Debug|Any CPU
		{A358ED0B-4F51-40CF-BE00-FC2105F7B7AE}.Debug|Any CPU.Build.0 = Debug|Any CPU
		{A358ED0B-4F51-40CF-BE00-FC2105F7B7AE}.Release|Any CPU.ActiveCfg = Release|Any CPU
		{A358ED0B-4F51-40CF-BE00-FC2105F7B7AE}.Release|Any CPU.Build.0 = Release|Any CPU
		{7560AE8A-2D1F-4D0D-A8E1-FA8A1CEB005D}.Debug|Any CPU.ActiveCfg = Debug|Any CPU
		{7560AE8A-2D1F-4D0D-A8E1-FA8A1CEB005D}.Debug|Any CPU.Build.0 = Debug|Any CPU
		{7560AE8A-2D1F-4D0D-A8E1-FA8A1CEB005D}.Release|Any CPU.ActiveCfg = Release|Any CPU
		{7560AE8A-2D1F-4D0D-A8E1-FA8A1CEB005D}.Release|Any CPU.Build.0 = Release|Any CPU
		{CA932656-0062-409B-9E7D-BF77FF9335D5}.Debug|Any CPU.ActiveCfg = Debug|Any CPU
		{CA932656-0062-409B-9E7D-BF77FF9335D5}.Debug|Any CPU.Build.0 = Debug|Any CPU
		{CA932656-0062-409B-9E7D-BF77FF9335D5}.Release|Any CPU.ActiveCfg = Release|Any CPU
		{CA932656-0062-409B-9E7D-BF77FF9335D5}.Release|Any CPU.Build.0 = Release|Any CPU
		{D38478B0-65D1-4B56-8B8C-1A6E6344B6E0}.Debug|Any CPU.ActiveCfg = Debug|Any CPU
		{D38478B0-65D1-4B56-8B8C-1A6E6344B6E0}.Debug|Any CPU.Build.0 = Debug|Any CPU
		{D38478B0-65D1-4B56-8B8C-1A6E6344B6E0}.Release|Any CPU.ActiveCfg = Release|Any CPU
		{D38478B0-65D1-4B56-8B8C-1A6E6344B6E0}.Release|Any CPU.Build.0 = Release|Any CPU
		{976CA457-47C5-4DCE-92C5-B7C4340FA1F2}.Debug|Any CPU.ActiveCfg = Debug|Any CPU
		{976CA457-47C5-4DCE-92C5-B7C4340FA1F2}.Debug|Any CPU.Build.0 = Debug|Any CPU
		{976CA457-47C5-4DCE-92C5-B7C4340FA1F2}.Release|Any CPU.ActiveCfg = Release|Any CPU
		{976CA457-47C5-4DCE-92C5-B7C4340FA1F2}.Release|Any CPU.Build.0 = Release|Any CPU
		{4F28563C-502C-4761-B346-19A91CA82965}.Debug|Any CPU.ActiveCfg = Debug|Any CPU
		{4F28563C-502C-4761-B346-19A91CA82965}.Debug|Any CPU.Build.0 = Debug|Any CPU
		{4F28563C-502C-4761-B346-19A91CA82965}.Release|Any CPU.ActiveCfg = Release|Any CPU
		{4F28563C-502C-4761-B346-19A91CA82965}.Release|Any CPU.Build.0 = Release|Any CPU
		{03705F79-E7B1-4F97-80DF-53F5DA5D9B8A}.Debug|Any CPU.ActiveCfg = Debug|Any CPU
		{03705F79-E7B1-4F97-80DF-53F5DA5D9B8A}.Debug|Any CPU.Build.0 = Debug|Any CPU
		{03705F79-E7B1-4F97-80DF-53F5DA5D9B8A}.Release|Any CPU.ActiveCfg = Release|Any CPU
		{03705F79-E7B1-4F97-80DF-53F5DA5D9B8A}.Release|Any CPU.Build.0 = Release|Any CPU
		{F4169A30-147D-4C4A-9720-61B342B1B548}.Debug|Any CPU.ActiveCfg = Debug|Any CPU
		{F4169A30-147D-4C4A-9720-61B342B1B548}.Debug|Any CPU.Build.0 = Debug|Any CPU
		{F4169A30-147D-4C4A-9720-61B342B1B548}.Release|Any CPU.ActiveCfg = Release|Any CPU
		{F4169A30-147D-4C4A-9720-61B342B1B548}.Release|Any CPU.Build.0 = Release|Any CPU
		{8B8222A0-6429-402B-8658-093D1D7786D0}.Debug|Any CPU.ActiveCfg = Debug|Any CPU
		{8B8222A0-6429-402B-8658-093D1D7786D0}.Debug|Any CPU.Build.0 = Debug|Any CPU
		{8B8222A0-6429-402B-8658-093D1D7786D0}.Release|Any CPU.ActiveCfg = Release|Any CPU
		{8B8222A0-6429-402B-8658-093D1D7786D0}.Release|Any CPU.Build.0 = Release|Any CPU
		{38E0CF1E-5977-4ABD-B4D4-E508DFC0C097}.Debug|Any CPU.ActiveCfg = Debug|Any CPU
		{38E0CF1E-5977-4ABD-B4D4-E508DFC0C097}.Debug|Any CPU.Build.0 = Debug|Any CPU
		{38E0CF1E-5977-4ABD-B4D4-E508DFC0C097}.Release|Any CPU.ActiveCfg = Release|Any CPU
		{38E0CF1E-5977-4ABD-B4D4-E508DFC0C097}.Release|Any CPU.Build.0 = Release|Any CPU
		{635A7630-4576-477A-BCE9-7A24B42C3E33}.Debug|Any CPU.ActiveCfg = Debug|Any CPU
		{635A7630-4576-477A-BCE9-7A24B42C3E33}.Debug|Any CPU.Build.0 = Debug|Any CPU
		{635A7630-4576-477A-BCE9-7A24B42C3E33}.Release|Any CPU.ActiveCfg = Release|Any CPU
		{635A7630-4576-477A-BCE9-7A24B42C3E33}.Release|Any CPU.Build.0 = Release|Any CPU
		{93B95203-45A9-44A3-AFFE-50B12DE66FD1}.Debug|Any CPU.ActiveCfg = Debug|Any CPU
		{93B95203-45A9-44A3-AFFE-50B12DE66FD1}.Debug|Any CPU.Build.0 = Debug|Any CPU
		{93B95203-45A9-44A3-AFFE-50B12DE66FD1}.Release|Any CPU.ActiveCfg = Release|Any CPU
		{93B95203-45A9-44A3-AFFE-50B12DE66FD1}.Release|Any CPU.Build.0 = Release|Any CPU
		{7DBAA07C-E533-45D3-9594-B6A8AFEA10D8}.Debug|Any CPU.ActiveCfg = Debug|Any CPU
		{7DBAA07C-E533-45D3-9594-B6A8AFEA10D8}.Debug|Any CPU.Build.0 = Debug|Any CPU
		{7DBAA07C-E533-45D3-9594-B6A8AFEA10D8}.Release|Any CPU.ActiveCfg = Release|Any CPU
		{7DBAA07C-E533-45D3-9594-B6A8AFEA10D8}.Release|Any CPU.Build.0 = Release|Any CPU
		{4D423737-FCD9-4A67-97FF-ECBD8C8F6BEC}.Debug|Any CPU.ActiveCfg = Debug|Any CPU
		{4D423737-FCD9-4A67-97FF-ECBD8C8F6BEC}.Debug|Any CPU.Build.0 = Debug|Any CPU
		{4D423737-FCD9-4A67-97FF-ECBD8C8F6BEC}.Release|Any CPU.ActiveCfg = Release|Any CPU
		{4D423737-FCD9-4A67-97FF-ECBD8C8F6BEC}.Release|Any CPU.Build.0 = Release|Any CPU
		{3072F61F-7E47-4070-AFEE-92A358B4E4DF}.Debug|Any CPU.ActiveCfg = Debug|Any CPU
		{3072F61F-7E47-4070-AFEE-92A358B4E4DF}.Debug|Any CPU.Build.0 = Debug|Any CPU
		{3072F61F-7E47-4070-AFEE-92A358B4E4DF}.Release|Any CPU.ActiveCfg = Release|Any CPU
		{3072F61F-7E47-4070-AFEE-92A358B4E4DF}.Release|Any CPU.Build.0 = Release|Any CPU
		{AC9109A0-AFD8-4DC7-A8C7-354BDE34381D}.Debug|Any CPU.ActiveCfg = Debug|Any CPU
		{AC9109A0-AFD8-4DC7-A8C7-354BDE34381D}.Debug|Any CPU.Build.0 = Debug|Any CPU
		{AC9109A0-AFD8-4DC7-A8C7-354BDE34381D}.Release|Any CPU.ActiveCfg = Release|Any CPU
		{AC9109A0-AFD8-4DC7-A8C7-354BDE34381D}.Release|Any CPU.Build.0 = Release|Any CPU
		{2952063A-472F-4DCB-87FC-21B07C281933}.Debug|Any CPU.ActiveCfg = Debug|Any CPU
		{2952063A-472F-4DCB-87FC-21B07C281933}.Debug|Any CPU.Build.0 = Debug|Any CPU
		{2952063A-472F-4DCB-87FC-21B07C281933}.Release|Any CPU.ActiveCfg = Release|Any CPU
		{2952063A-472F-4DCB-87FC-21B07C281933}.Release|Any CPU.Build.0 = Release|Any CPU
		{30B5EC9D-3077-4D91-8908-30C3DE35DA34}.Debug|Any CPU.ActiveCfg = Debug|Any CPU
		{30B5EC9D-3077-4D91-8908-30C3DE35DA34}.Debug|Any CPU.Build.0 = Debug|Any CPU
		{30B5EC9D-3077-4D91-8908-30C3DE35DA34}.Release|Any CPU.ActiveCfg = Release|Any CPU
		{30B5EC9D-3077-4D91-8908-30C3DE35DA34}.Release|Any CPU.Build.0 = Release|Any CPU
		{1117A5B9-57A7-4C39-BA41-C6D3FFAB9345}.Debug|Any CPU.ActiveCfg = Debug|Any CPU
		{1117A5B9-57A7-4C39-BA41-C6D3FFAB9345}.Debug|Any CPU.Build.0 = Debug|Any CPU
		{1117A5B9-57A7-4C39-BA41-C6D3FFAB9345}.Release|Any CPU.ActiveCfg = Release|Any CPU
		{1117A5B9-57A7-4C39-BA41-C6D3FFAB9345}.Release|Any CPU.Build.0 = Release|Any CPU
		{54F92902-9AA7-46F0-AA83-E7D983A1E0D4}.Debug|Any CPU.ActiveCfg = Debug|Any CPU
		{54F92902-9AA7-46F0-AA83-E7D983A1E0D4}.Debug|Any CPU.Build.0 = Debug|Any CPU
		{54F92902-9AA7-46F0-AA83-E7D983A1E0D4}.Release|Any CPU.ActiveCfg = Release|Any CPU
		{54F92902-9AA7-46F0-AA83-E7D983A1E0D4}.Release|Any CPU.Build.0 = Release|Any CPU
		{B6D8B3F7-5EFA-40D9-8017-2B7DD31B8801}.Debug|Any CPU.ActiveCfg = Debug|Any CPU
		{B6D8B3F7-5EFA-40D9-8017-2B7DD31B8801}.Debug|Any CPU.Build.0 = Debug|Any CPU
		{B6D8B3F7-5EFA-40D9-8017-2B7DD31B8801}.Release|Any CPU.ActiveCfg = Release|Any CPU
		{B6D8B3F7-5EFA-40D9-8017-2B7DD31B8801}.Release|Any CPU.Build.0 = Release|Any CPU
		{078882FF-6B51-4EB0-AA94-C810FE1B65E4}.Debug|Any CPU.ActiveCfg = Debug|Any CPU
		{078882FF-6B51-4EB0-AA94-C810FE1B65E4}.Debug|Any CPU.Build.0 = Debug|Any CPU
		{078882FF-6B51-4EB0-AA94-C810FE1B65E4}.Release|Any CPU.ActiveCfg = Release|Any CPU
		{078882FF-6B51-4EB0-AA94-C810FE1B65E4}.Release|Any CPU.Build.0 = Release|Any CPU
		{0ABDD1C0-3BE6-431F-AD01-1063FE74E41B}.Debug|Any CPU.ActiveCfg = Debug|Any CPU
		{0ABDD1C0-3BE6-431F-AD01-1063FE74E41B}.Debug|Any CPU.Build.0 = Debug|Any CPU
		{0ABDD1C0-3BE6-431F-AD01-1063FE74E41B}.Release|Any CPU.ActiveCfg = Release|Any CPU
		{0ABDD1C0-3BE6-431F-AD01-1063FE74E41B}.Release|Any CPU.Build.0 = Release|Any CPU
		{A224BD2E-5370-457B-9FFF-DE1C87B241C5}.Debug|Any CPU.ActiveCfg = Debug|Any CPU
		{A224BD2E-5370-457B-9FFF-DE1C87B241C5}.Debug|Any CPU.Build.0 = Debug|Any CPU
		{A224BD2E-5370-457B-9FFF-DE1C87B241C5}.Release|Any CPU.ActiveCfg = Release|Any CPU
		{A224BD2E-5370-457B-9FFF-DE1C87B241C5}.Release|Any CPU.Build.0 = Release|Any CPU
		{B5D936AA-6D87-4E0F-95AB-B83FBC74E356}.Debug|Any CPU.ActiveCfg = Debug|Any CPU
		{B5D936AA-6D87-4E0F-95AB-B83FBC74E356}.Debug|Any CPU.Build.0 = Debug|Any CPU
		{B5D936AA-6D87-4E0F-95AB-B83FBC74E356}.Release|Any CPU.ActiveCfg = Release|Any CPU
		{B5D936AA-6D87-4E0F-95AB-B83FBC74E356}.Release|Any CPU.Build.0 = Release|Any CPU
		{D2D6ED29-5306-4CC4-95F8-6DB2475737AD}.Debug|Any CPU.ActiveCfg = Debug|Any CPU
		{D2D6ED29-5306-4CC4-95F8-6DB2475737AD}.Debug|Any CPU.Build.0 = Debug|Any CPU
		{D2D6ED29-5306-4CC4-95F8-6DB2475737AD}.Release|Any CPU.ActiveCfg = Release|Any CPU
		{D2D6ED29-5306-4CC4-95F8-6DB2475737AD}.Release|Any CPU.Build.0 = Release|Any CPU
		{7E60C5B8-CB29-44DF-AC0F-C9FED9896484}.Debug|Any CPU.ActiveCfg = Debug|Any CPU
		{7E60C5B8-CB29-44DF-AC0F-C9FED9896484}.Debug|Any CPU.Build.0 = Debug|Any CPU
		{7E60C5B8-CB29-44DF-AC0F-C9FED9896484}.Release|Any CPU.ActiveCfg = Release|Any CPU
		{7E60C5B8-CB29-44DF-AC0F-C9FED9896484}.Release|Any CPU.Build.0 = Release|Any CPU
		{602CB91B-7B23-4E95-9CD1-822B3B9E9C92}.Debug|Any CPU.ActiveCfg = Debug|Any CPU
		{602CB91B-7B23-4E95-9CD1-822B3B9E9C92}.Debug|Any CPU.Build.0 = Debug|Any CPU
		{602CB91B-7B23-4E95-9CD1-822B3B9E9C92}.Release|Any CPU.ActiveCfg = Release|Any CPU
		{602CB91B-7B23-4E95-9CD1-822B3B9E9C92}.Release|Any CPU.Build.0 = Release|Any CPU
		{AA5AA655-67D1-4351-A0BE-05B67A6453A4}.Debug|Any CPU.ActiveCfg = Debug|Any CPU
		{AA5AA655-67D1-4351-A0BE-05B67A6453A4}.Debug|Any CPU.Build.0 = Debug|Any CPU
		{AA5AA655-67D1-4351-A0BE-05B67A6453A4}.Release|Any CPU.ActiveCfg = Release|Any CPU
		{AA5AA655-67D1-4351-A0BE-05B67A6453A4}.Release|Any CPU.Build.0 = Release|Any CPU
		{C58CC16F-6735-4540-A71C-6245A6827DEA}.Debug|Any CPU.ActiveCfg = Debug|Any CPU
		{C58CC16F-6735-4540-A71C-6245A6827DEA}.Debug|Any CPU.Build.0 = Debug|Any CPU
		{C58CC16F-6735-4540-A71C-6245A6827DEA}.Release|Any CPU.ActiveCfg = Release|Any CPU
		{C58CC16F-6735-4540-A71C-6245A6827DEA}.Release|Any CPU.Build.0 = Release|Any CPU
		{A5860857-8A90-4C31-9D97-B46A3B02BF4D}.Debug|Any CPU.ActiveCfg = Debug|Any CPU
		{A5860857-8A90-4C31-9D97-B46A3B02BF4D}.Debug|Any CPU.Build.0 = Debug|Any CPU
		{A5860857-8A90-4C31-9D97-B46A3B02BF4D}.Release|Any CPU.ActiveCfg = Release|Any CPU
		{A5860857-8A90-4C31-9D97-B46A3B02BF4D}.Release|Any CPU.Build.0 = Release|Any CPU
		{5EDF70ED-28BC-4FC9-85CA-70628C4F920E}.Debug|Any CPU.ActiveCfg = Debug|Any CPU
		{5EDF70ED-28BC-4FC9-85CA-70628C4F920E}.Debug|Any CPU.Build.0 = Debug|Any CPU
		{5EDF70ED-28BC-4FC9-85CA-70628C4F920E}.Release|Any CPU.ActiveCfg = Release|Any CPU
		{5EDF70ED-28BC-4FC9-85CA-70628C4F920E}.Release|Any CPU.Build.0 = Release|Any CPU
	EndGlobalSection
	GlobalSection(SolutionProperties) = preSolution
		HideSolutionNode = FALSE
	EndGlobalSection
	GlobalSection(NestedProjects) = preSolution
		{BD99708D-1B5D-46DA-A8D6-6AE95BA731E9} = {A5702F89-0B3C-4AE2-A9E3-118C46DBD608}
		{83EC4398-26C3-426D-BDEA-88A04C819D24} = {A5702F89-0B3C-4AE2-A9E3-118C46DBD608}
		{A61CEC27-CE54-4B6C-A449-0E3A5372E78F} = {A5702F89-0B3C-4AE2-A9E3-118C46DBD608}
		{9FFC0F2C-50AA-41B8-AF63-E5283F2CB00B} = {A5702F89-0B3C-4AE2-A9E3-118C46DBD608}
		{A358ED0B-4F51-40CF-BE00-FC2105F7B7AE} = {A5702F89-0B3C-4AE2-A9E3-118C46DBD608}
		{7560AE8A-2D1F-4D0D-A8E1-FA8A1CEB005D} = {A5702F89-0B3C-4AE2-A9E3-118C46DBD608}
		{CA932656-0062-409B-9E7D-BF77FF9335D5} = {A5702F89-0B3C-4AE2-A9E3-118C46DBD608}
		{D38478B0-65D1-4B56-8B8C-1A6E6344B6E0} = {A5702F89-0B3C-4AE2-A9E3-118C46DBD608}
		{976CA457-47C5-4DCE-92C5-B7C4340FA1F2} = {A5702F89-0B3C-4AE2-A9E3-118C46DBD608}
		{4F28563C-502C-4761-B346-19A91CA82965} = {A5702F89-0B3C-4AE2-A9E3-118C46DBD608}
		{03705F79-E7B1-4F97-80DF-53F5DA5D9B8A} = {A5702F89-0B3C-4AE2-A9E3-118C46DBD608}
		{F4169A30-147D-4C4A-9720-61B342B1B548} = {A5702F89-0B3C-4AE2-A9E3-118C46DBD608}
		{8B8222A0-6429-402B-8658-093D1D7786D0} = {A5702F89-0B3C-4AE2-A9E3-118C46DBD608}
		{38E0CF1E-5977-4ABD-B4D4-E508DFC0C097} = {44EDD4A8-8F73-420D-B56C-E386F4ED63D6}
		{635A7630-4576-477A-BCE9-7A24B42C3E33} = {44EDD4A8-8F73-420D-B56C-E386F4ED63D6}
		{93B95203-45A9-44A3-AFFE-50B12DE66FD1} = {44EDD4A8-8F73-420D-B56C-E386F4ED63D6}
		{7DBAA07C-E533-45D3-9594-B6A8AFEA10D8} = {44EDD4A8-8F73-420D-B56C-E386F4ED63D6}
		{4D423737-FCD9-4A67-97FF-ECBD8C8F6BEC} = {44EDD4A8-8F73-420D-B56C-E386F4ED63D6}
		{3072F61F-7E47-4070-AFEE-92A358B4E4DF} = {44EDD4A8-8F73-420D-B56C-E386F4ED63D6}
		{AC9109A0-AFD8-4DC7-A8C7-354BDE34381D} = {44EDD4A8-8F73-420D-B56C-E386F4ED63D6}
		{2952063A-472F-4DCB-87FC-21B07C281933} = {44EDD4A8-8F73-420D-B56C-E386F4ED63D6}
		{30B5EC9D-3077-4D91-8908-30C3DE35DA34} = {44EDD4A8-8F73-420D-B56C-E386F4ED63D6}
		{1117A5B9-57A7-4C39-BA41-C6D3FFAB9345} = {44EDD4A8-8F73-420D-B56C-E386F4ED63D6}
		{54F92902-9AA7-46F0-AA83-E7D983A1E0D4} = {44EDD4A8-8F73-420D-B56C-E386F4ED63D6}
		{B6D8B3F7-5EFA-40D9-8017-2B7DD31B8801} = {44EDD4A8-8F73-420D-B56C-E386F4ED63D6}
		{078882FF-6B51-4EB0-AA94-C810FE1B65E4} = {44EDD4A8-8F73-420D-B56C-E386F4ED63D6}
		{0ABDD1C0-3BE6-431F-AD01-1063FE74E41B} = {44EDD4A8-8F73-420D-B56C-E386F4ED63D6}
		{A224BD2E-5370-457B-9FFF-DE1C87B241C5} = {44EDD4A8-8F73-420D-B56C-E386F4ED63D6}
		{B5D936AA-6D87-4E0F-95AB-B83FBC74E356} = {44EDD4A8-8F73-420D-B56C-E386F4ED63D6}
		{D2D6ED29-5306-4CC4-95F8-6DB2475737AD} = {44EDD4A8-8F73-420D-B56C-E386F4ED63D6}
		{7E60C5B8-CB29-44DF-AC0F-C9FED9896484} = {44EDD4A8-8F73-420D-B56C-E386F4ED63D6}
		{602CB91B-7B23-4E95-9CD1-822B3B9E9C92} = {44EDD4A8-8F73-420D-B56C-E386F4ED63D6}
		{AA5AA655-67D1-4351-A0BE-05B67A6453A4} = {44EDD4A8-8F73-420D-B56C-E386F4ED63D6}
		{C58CC16F-6735-4540-A71C-6245A6827DEA} = {44EDD4A8-8F73-420D-B56C-E386F4ED63D6}
		{A5860857-8A90-4C31-9D97-B46A3B02BF4D} = {44EDD4A8-8F73-420D-B56C-E386F4ED63D6}
		{5EDF70ED-28BC-4FC9-85CA-70628C4F920E} = {B7DBBDCB-BAD5-4965-81DD-EB0EF2BA1665}
	EndGlobalSection
	GlobalSection(ExtensibilityGlobals) = postSolution
		SolutionGuid = {79317326-0EB8-4606-A419-1EE7D58AE01D}
	EndGlobalSection
EndGlobal
